// !$*UTF8*$!
{
	archiveVersion = 1;
	classes = {
	};
	objectVersion = 46;
	objects = {

/* Begin PBXBuildFile section */
		9CAA6A6D1D7FF6F900D9EAFB /* main.m in Sources */ = {isa = PBXBuildFile; fileRef = 9CAA6A6C1D7FF6F900D9EAFB /* main.m */; };
		9CAA6A701D7FF6F900D9EAFB /* AppDelegate.m in Sources */ = {isa = PBXBuildFile; fileRef = 9CAA6A6F1D7FF6F900D9EAFB /* AppDelegate.m */; };
		9CAA6A731D7FF6F900D9EAFB /* ViewController.m in Sources */ = {isa = PBXBuildFile; fileRef = 9CAA6A721D7FF6F900D9EAFB /* ViewController.m */; };
		9CAA6A761D7FF6F900D9EAFB /* Main.storyboard in Resources */ = {isa = PBXBuildFile; fileRef = 9CAA6A741D7FF6F900D9EAFB /* Main.storyboard */; };
		9CAA6A781D7FF6F900D9EAFB /* Assets.xcassets in Resources */ = {isa = PBXBuildFile; fileRef = 9CAA6A771D7FF6F900D9EAFB /* Assets.xcassets */; };
		9CAA6A7B1D7FF6F900D9EAFB /* LaunchScreen.storyboard in Resources */ = {isa = PBXBuildFile; fileRef = 9CAA6A791D7FF6F900D9EAFB /* LaunchScreen.storyboard */; };
		9CAA6A861D7FF6F900D9EAFB /* demoTests.m in Sources */ = {isa = PBXBuildFile; fileRef = 9CAA6A851D7FF6F900D9EAFB /* demoTests.m */; };
		9CAA6A911D7FF6F900D9EAFB /* demoUITests.m in Sources */ = {isa = PBXBuildFile; fileRef = 9CAA6A901D7FF6F900D9EAFB /* demoUITests.m */; };
		9CAA6A9F1D8008F400D9EAFB /* whiteBack.png in Resources */ = {isa = PBXBuildFile; fileRef = 9CAA6A9E1D8008F400D9EAFB /* whiteBack.png */; };
		9CF2276C1D8135A9009773D1 /* FCAlertView.m in Sources */ = {isa = PBXBuildFile; fileRef = 9CF2276B1D8135A9009773D1 /* FCAlertView.m */; };
/* End PBXBuildFile section */

/* Begin PBXContainerItemProxy section */
		9CAA6A821D7FF6F900D9EAFB /* PBXContainerItemProxy */ = {
			isa = PBXContainerItemProxy;
			containerPortal = 9CAA6A601D7FF6F900D9EAFB /* Project object */;
			proxyType = 1;
			remoteGlobalIDString = 9CAA6A671D7FF6F900D9EAFB;
			remoteInfo = demo;
		};
		9CAA6A8D1D7FF6F900D9EAFB /* PBXContainerItemProxy */ = {
			isa = PBXContainerItemProxy;
			containerPortal = 9CAA6A601D7FF6F900D9EAFB /* Project object */;
			proxyType = 1;
			remoteGlobalIDString = 9CAA6A671D7FF6F900D9EAFB;
			remoteInfo = demo;
		};
/* End PBXContainerItemProxy section */

/* Begin PBXFileReference section */
		9CAA6A681D7FF6F900D9EAFB /* demo.app */ = {isa = PBXFileReference; explicitFileType = wrapper.application; includeInIndex = 0; path = demo.app; sourceTree = BUILT_PRODUCTS_DIR; };
		9CAA6A6C1D7FF6F900D9EAFB /* main.m */ = {isa = PBXFileReference; lastKnownFileType = sourcecode.c.objc; path = main.m; sourceTree = "<group>"; };
		9CAA6A6E1D7FF6F900D9EAFB /* AppDelegate.h */ = {isa = PBXFileReference; lastKnownFileType = sourcecode.c.h; path = AppDelegate.h; sourceTree = "<group>"; };
		9CAA6A6F1D7FF6F900D9EAFB /* AppDelegate.m */ = {isa = PBXFileReference; lastKnownFileType = sourcecode.c.objc; path = AppDelegate.m; sourceTree = "<group>"; };
		9CAA6A711D7FF6F900D9EAFB /* ViewController.h */ = {isa = PBXFileReference; lastKnownFileType = sourcecode.c.h; path = ViewController.h; sourceTree = "<group>"; };
		9CAA6A721D7FF6F900D9EAFB /* ViewController.m */ = {isa = PBXFileReference; lastKnownFileType = sourcecode.c.objc; path = ViewController.m; sourceTree = "<group>"; };
		9CAA6A751D7FF6F900D9EAFB /* Base */ = {isa = PBXFileReference; lastKnownFileType = file.storyboard; name = Base; path = Base.lproj/Main.storyboard; sourceTree = "<group>"; };
		9CAA6A771D7FF6F900D9EAFB /* Assets.xcassets */ = {isa = PBXFileReference; lastKnownFileType = folder.assetcatalog; path = Assets.xcassets; sourceTree = "<group>"; };
		9CAA6A7A1D7FF6F900D9EAFB /* Base */ = {isa = PBXFileReference; lastKnownFileType = file.storyboard; name = Base; path = Base.lproj/LaunchScreen.storyboard; sourceTree = "<group>"; };
		9CAA6A7C1D7FF6F900D9EAFB /* Info.plist */ = {isa = PBXFileReference; lastKnownFileType = text.plist.xml; path = Info.plist; sourceTree = "<group>"; };
		9CAA6A811D7FF6F900D9EAFB /* demoTests.xctest */ = {isa = PBXFileReference; explicitFileType = wrapper.cfbundle; includeInIndex = 0; path = demoTests.xctest; sourceTree = BUILT_PRODUCTS_DIR; };
		9CAA6A851D7FF6F900D9EAFB /* demoTests.m */ = {isa = PBXFileReference; lastKnownFileType = sourcecode.c.objc; path = demoTests.m; sourceTree = "<group>"; };
		9CAA6A871D7FF6F900D9EAFB /* Info.plist */ = {isa = PBXFileReference; lastKnownFileType = text.plist.xml; path = Info.plist; sourceTree = "<group>"; };
		9CAA6A8C1D7FF6F900D9EAFB /* demoUITests.xctest */ = {isa = PBXFileReference; explicitFileType = wrapper.cfbundle; includeInIndex = 0; path = demoUITests.xctest; sourceTree = BUILT_PRODUCTS_DIR; };
		9CAA6A901D7FF6F900D9EAFB /* demoUITests.m */ = {isa = PBXFileReference; lastKnownFileType = sourcecode.c.objc; path = demoUITests.m; sourceTree = "<group>"; };
		9CAA6A921D7FF6F900D9EAFB /* Info.plist */ = {isa = PBXFileReference; lastKnownFileType = text.plist.xml; path = Info.plist; sourceTree = "<group>"; };
		9CAA6A9E1D8008F400D9EAFB /* whiteBack.png */ = {isa = PBXFileReference; lastKnownFileType = image.png; path = whiteBack.png; sourceTree = "<group>"; };
		9CF2276A1D8135A9009773D1 /* FCAlertView.h */ = {isa = PBXFileReference; fileEncoding = 4; lastKnownFileType = sourcecode.c.h; path = FCAlertView.h; sourceTree = "<group>"; };
		9CF2276B1D8135A9009773D1 /* FCAlertView.m */ = {isa = PBXFileReference; fileEncoding = 4; lastKnownFileType = sourcecode.c.objc; path = FCAlertView.m; sourceTree = "<group>"; };
/* End PBXFileReference section */

/* Begin PBXFrameworksBuildPhase section */
		9CAA6A651D7FF6F900D9EAFB /* Frameworks */ = {
			isa = PBXFrameworksBuildPhase;
			buildActionMask = 2147483647;
			files = (
			);
			runOnlyForDeploymentPostprocessing = 0;
		};
		9CAA6A7E1D7FF6F900D9EAFB /* Frameworks */ = {
			isa = PBXFrameworksBuildPhase;
			buildActionMask = 2147483647;
			files = (
			);
			runOnlyForDeploymentPostprocessing = 0;
		};
		9CAA6A891D7FF6F900D9EAFB /* Frameworks */ = {
			isa = PBXFrameworksBuildPhase;
			buildActionMask = 2147483647;
			files = (
			);
			runOnlyForDeploymentPostprocessing = 0;
		};
/* End PBXFrameworksBuildPhase section */

/* Begin PBXGroup section */
		9CAA6A5F1D7FF6F900D9EAFB = {
			isa = PBXGroup;
			children = (
				9CAA6A6A1D7FF6F900D9EAFB /* demo */,
				9CAA6A841D7FF6F900D9EAFB /* demoTests */,
				9CAA6A8F1D7FF6F900D9EAFB /* demoUITests */,
				9CAA6A691D7FF6F900D9EAFB /* Products */,
			);
			sourceTree = "<group>";
		};
		9CAA6A691D7FF6F900D9EAFB /* Products */ = {
			isa = PBXGroup;
			children = (
				9CAA6A681D7FF6F900D9EAFB /* demo.app */,
				9CAA6A811D7FF6F900D9EAFB /* demoTests.xctest */,
				9CAA6A8C1D7FF6F900D9EAFB /* demoUITests.xctest */,
			);
			name = Products;
			sourceTree = "<group>";
		};
		9CAA6A6A1D7FF6F900D9EAFB /* demo */ = {
			isa = PBXGroup;
			children = (
				9CF227691D8135A9009773D1 /* FCAlertView */,
				9CAA6A6E1D7FF6F900D9EAFB /* AppDelegate.h */,
				9CAA6A6F1D7FF6F900D9EAFB /* AppDelegate.m */,
				9CAA6A711D7FF6F900D9EAFB /* ViewController.h */,
				9CAA6A721D7FF6F900D9EAFB /* ViewController.m */,
				9CAA6A9E1D8008F400D9EAFB /* whiteBack.png */,
				9CAA6A741D7FF6F900D9EAFB /* Main.storyboard */,
				9CAA6A771D7FF6F900D9EAFB /* Assets.xcassets */,
				9CAA6A791D7FF6F900D9EAFB /* LaunchScreen.storyboard */,
				9CAA6A7C1D7FF6F900D9EAFB /* Info.plist */,
				9CAA6A6B1D7FF6F900D9EAFB /* Supporting Files */,
			);
			path = demo;
			sourceTree = "<group>";
		};
		9CAA6A6B1D7FF6F900D9EAFB /* Supporting Files */ = {
			isa = PBXGroup;
			children = (
				9CAA6A6C1D7FF6F900D9EAFB /* main.m */,
			);
			name = "Supporting Files";
			sourceTree = "<group>";
		};
		9CAA6A841D7FF6F900D9EAFB /* demoTests */ = {
			isa = PBXGroup;
			children = (
				9CAA6A851D7FF6F900D9EAFB /* demoTests.m */,
				9CAA6A871D7FF6F900D9EAFB /* Info.plist */,
			);
			path = demoTests;
			sourceTree = "<group>";
		};
		9CAA6A8F1D7FF6F900D9EAFB /* demoUITests */ = {
			isa = PBXGroup;
			children = (
				9CAA6A901D7FF6F900D9EAFB /* demoUITests.m */,
				9CAA6A921D7FF6F900D9EAFB /* Info.plist */,
			);
			path = demoUITests;
			sourceTree = "<group>";
		};
		9CF227691D8135A9009773D1 /* FCAlertView */ = {
			isa = PBXGroup;
			children = (
				9CF2276A1D8135A9009773D1 /* FCAlertView.h */,
				9CF2276B1D8135A9009773D1 /* FCAlertView.m */,
			);
			path = FCAlertView;
			sourceTree = "<group>";
		};
/* End PBXGroup section */

/* Begin PBXNativeTarget section */
		9CAA6A671D7FF6F900D9EAFB /* demo */ = {
			isa = PBXNativeTarget;
			buildConfigurationList = 9CAA6A951D7FF6F900D9EAFB /* Build configuration list for PBXNativeTarget "demo" */;
			buildPhases = (
				9CAA6A641D7FF6F900D9EAFB /* Sources */,
				9CAA6A651D7FF6F900D9EAFB /* Frameworks */,
				9CAA6A661D7FF6F900D9EAFB /* Resources */,
			);
			buildRules = (
			);
			dependencies = (
			);
			name = demo;
			productName = demo;
			productReference = 9CAA6A681D7FF6F900D9EAFB /* demo.app */;
			productType = "com.apple.product-type.application";
		};
		9CAA6A801D7FF6F900D9EAFB /* demoTests */ = {
			isa = PBXNativeTarget;
			buildConfigurationList = 9CAA6A981D7FF6F900D9EAFB /* Build configuration list for PBXNativeTarget "demoTests" */;
			buildPhases = (
				9CAA6A7D1D7FF6F900D9EAFB /* Sources */,
				9CAA6A7E1D7FF6F900D9EAFB /* Frameworks */,
				9CAA6A7F1D7FF6F900D9EAFB /* Resources */,
			);
			buildRules = (
			);
			dependencies = (
				9CAA6A831D7FF6F900D9EAFB /* PBXTargetDependency */,
			);
			name = demoTests;
			productName = demoTests;
			productReference = 9CAA6A811D7FF6F900D9EAFB /* demoTests.xctest */;
			productType = "com.apple.product-type.bundle.unit-test";
		};
		9CAA6A8B1D7FF6F900D9EAFB /* demoUITests */ = {
			isa = PBXNativeTarget;
			buildConfigurationList = 9CAA6A9B1D7FF6F900D9EAFB /* Build configuration list for PBXNativeTarget "demoUITests" */;
			buildPhases = (
				9CAA6A881D7FF6F900D9EAFB /* Sources */,
				9CAA6A891D7FF6F900D9EAFB /* Frameworks */,
				9CAA6A8A1D7FF6F900D9EAFB /* Resources */,
			);
			buildRules = (
			);
			dependencies = (
				9CAA6A8E1D7FF6F900D9EAFB /* PBXTargetDependency */,
			);
			name = demoUITests;
			productName = demoUITests;
			productReference = 9CAA6A8C1D7FF6F900D9EAFB /* demoUITests.xctest */;
			productType = "com.apple.product-type.bundle.ui-testing";
		};
/* End PBXNativeTarget section */

/* Begin PBXProject section */
		9CAA6A601D7FF6F900D9EAFB /* Project object */ = {
			isa = PBXProject;
			attributes = {
				LastUpgradeCheck = 0720;
				ORGANIZATIONNAME = FengChe;
				TargetAttributes = {
					9CAA6A671D7FF6F900D9EAFB = {
						CreatedOnToolsVersion = 7.2.1;
						DevelopmentTeam = 66897HKUHY;
					};
					9CAA6A801D7FF6F900D9EAFB = {
						CreatedOnToolsVersion = 7.2.1;
						DevelopmentTeam = 66897HKUHY;
						TestTargetID = 9CAA6A671D7FF6F900D9EAFB;
					};
					9CAA6A8B1D7FF6F900D9EAFB = {
						CreatedOnToolsVersion = 7.2.1;
						DevelopmentTeam = 66897HKUHY;
						TestTargetID = 9CAA6A671D7FF6F900D9EAFB;
					};
				};
			};
			buildConfigurationList = 9CAA6A631D7FF6F900D9EAFB /* Build configuration list for PBXProject "demo" */;
			compatibilityVersion = "Xcode 3.2";
			developmentRegion = English;
			hasScannedForEncodings = 0;
			knownRegions = (
				en,
				Base,
			);
			mainGroup = 9CAA6A5F1D7FF6F900D9EAFB;
			productRefGroup = 9CAA6A691D7FF6F900D9EAFB /* Products */;
			projectDirPath = "";
			projectRoot = "";
			targets = (
				9CAA6A671D7FF6F900D9EAFB /* demo */,
				9CAA6A801D7FF6F900D9EAFB /* demoTests */,
				9CAA6A8B1D7FF6F900D9EAFB /* demoUITests */,
			);
		};
/* End PBXProject section */

/* Begin PBXResourcesBuildPhase section */
		9CAA6A661D7FF6F900D9EAFB /* Resources */ = {
			isa = PBXResourcesBuildPhase;
			buildActionMask = 2147483647;
			files = (
				9CAA6A7B1D7FF6F900D9EAFB /* LaunchScreen.storyboard in Resources */,
				9CAA6A781D7FF6F900D9EAFB /* Assets.xcassets in Resources */,
				9CAA6A9F1D8008F400D9EAFB /* whiteBack.png in Resources */,
				9CAA6A761D7FF6F900D9EAFB /* Main.storyboard in Resources */,
			);
			runOnlyForDeploymentPostprocessing = 0;
		};
		9CAA6A7F1D7FF6F900D9EAFB /* Resources */ = {
			isa = PBXResourcesBuildPhase;
			buildActionMask = 2147483647;
			files = (
			);
			runOnlyForDeploymentPostprocessing = 0;
		};
		9CAA6A8A1D7FF6F900D9EAFB /* Resources */ = {
			isa = PBXResourcesBuildPhase;
			buildActionMask = 2147483647;
			files = (
			);
			runOnlyForDeploymentPostprocessing = 0;
		};
/* End PBXResourcesBuildPhase section */

/* Begin PBXSourcesBuildPhase section */
		9CAA6A641D7FF6F900D9EAFB /* Sources */ = {
			isa = PBXSourcesBuildPhase;
			buildActionMask = 2147483647;
			files = (
				9CF2276C1D8135A9009773D1 /* FCAlertView.m in Sources */,
				9CAA6A731D7FF6F900D9EAFB /* ViewController.m in Sources */,
				9CAA6A701D7FF6F900D9EAFB /* AppDelegate.m in Sources */,
				9CAA6A6D1D7FF6F900D9EAFB /* main.m in Sources */,
			);
			runOnlyForDeploymentPostprocessing = 0;
		};
		9CAA6A7D1D7FF6F900D9EAFB /* Sources */ = {
			isa = PBXSourcesBuildPhase;
			buildActionMask = 2147483647;
			files = (
				9CAA6A861D7FF6F900D9EAFB /* demoTests.m in Sources */,
			);
			runOnlyForDeploymentPostprocessing = 0;
		};
		9CAA6A881D7FF6F900D9EAFB /* Sources */ = {
			isa = PBXSourcesBuildPhase;
			buildActionMask = 2147483647;
			files = (
				9CAA6A911D7FF6F900D9EAFB /* demoUITests.m in Sources */,
			);
			runOnlyForDeploymentPostprocessing = 0;
		};
/* End PBXSourcesBuildPhase section */

/* Begin PBXTargetDependency section */
		9CAA6A831D7FF6F900D9EAFB /* PBXTargetDependency */ = {
			isa = PBXTargetDependency;
			target = 9CAA6A671D7FF6F900D9EAFB /* demo */;
			targetProxy = 9CAA6A821D7FF6F900D9EAFB /* PBXContainerItemProxy */;
		};
		9CAA6A8E1D7FF6F900D9EAFB /* PBXTargetDependency */ = {
			isa = PBXTargetDependency;
			target = 9CAA6A671D7FF6F900D9EAFB /* demo */;
			targetProxy = 9CAA6A8D1D7FF6F900D9EAFB /* PBXContainerItemProxy */;
		};
/* End PBXTargetDependency section */

/* Begin PBXVariantGroup section */
		9CAA6A741D7FF6F900D9EAFB /* Main.storyboard */ = {
			isa = PBXVariantGroup;
			children = (
				9CAA6A751D7FF6F900D9EAFB /* Base */,
			);
			name = Main.storyboard;
			sourceTree = "<group>";
		};
		9CAA6A791D7FF6F900D9EAFB /* LaunchScreen.storyboard */ = {
			isa = PBXVariantGroup;
			children = (
				9CAA6A7A1D7FF6F900D9EAFB /* Base */,
			);
			name = LaunchScreen.storyboard;
			sourceTree = "<group>";
		};
/* End PBXVariantGroup section */

/* Begin XCBuildConfiguration section */
		9CAA6A931D7FF6F900D9EAFB /* Debug */ = {
			isa = XCBuildConfiguration;
			buildSettings = {
				ALWAYS_SEARCH_USER_PATHS = NO;
				CLANG_CXX_LANGUAGE_STANDARD = "gnu++0x";
				CLANG_CXX_LIBRARY = "libc++";
				CLANG_ENABLE_MODULES = YES;
				CLANG_ENABLE_OBJC_ARC = YES;
				CLANG_WARN_BOOL_CONVERSION = YES;
				CLANG_WARN_CONSTANT_CONVERSION = YES;
				CLANG_WARN_DIRECT_OBJC_ISA_USAGE = YES_ERROR;
				CLANG_WARN_EMPTY_BODY = YES;
				CLANG_WARN_ENUM_CONVERSION = YES;
				CLANG_WARN_INT_CONVERSION = YES;
				CLANG_WARN_OBJC_ROOT_CLASS = YES_ERROR;
				CLANG_WARN_UNREACHABLE_CODE = YES;
				CLANG_WARN__DUPLICATE_METHOD_MATCH = YES;
				"CODE_SIGN_IDENTITY[sdk=iphoneos*]" = "iPhone Developer";
				COPY_PHASE_STRIP = NO;
				DEBUG_INFORMATION_FORMAT = dwarf;
				ENABLE_STRICT_OBJC_MSGSEND = YES;
				ENABLE_TESTABILITY = YES;
				GCC_C_LANGUAGE_STANDARD = gnu99;
				GCC_DYNAMIC_NO_PIC = NO;
				GCC_NO_COMMON_BLOCKS = YES;
				GCC_OPTIMIZATION_LEVEL = 0;
				GCC_PREPROCESSOR_DEFINITIONS = (
					"DEBUG=1",
					"$(inherited)",
				);
				GCC_WARN_64_TO_32_BIT_CONVERSION = YES;
				GCC_WARN_ABOUT_RETURN_TYPE = YES_ERROR;
				GCC_WARN_UNDECLARED_SELECTOR = YES;
				GCC_WARN_UNINITIALIZED_AUTOS = YES_AGGRESSIVE;
				GCC_WARN_UNUSED_FUNCTION = YES;
				GCC_WARN_UNUSED_VARIABLE = YES;
				IPHONEOS_DEPLOYMENT_TARGET = 9.2;
				MTL_ENABLE_DEBUG_INFO = YES;
				ONLY_ACTIVE_ARCH = YES;
				SDKROOT = iphoneos;
				TARGETED_DEVICE_FAMILY = "1,2";
			};
			name = Debug;
		};
		9CAA6A941D7FF6F900D9EAFB /* Release */ = {
			isa = XCBuildConfiguration;
			buildSettings = {
				ALWAYS_SEARCH_USER_PATHS = NO;
				CLANG_CXX_LANGUAGE_STANDARD = "gnu++0x";
				CLANG_CXX_LIBRARY = "libc++";
				CLANG_ENABLE_MODULES = YES;
				CLANG_ENABLE_OBJC_ARC = YES;
				CLANG_WARN_BOOL_CONVERSION = YES;
				CLANG_WARN_CONSTANT_CONVERSION = YES;
				CLANG_WARN_DIRECT_OBJC_ISA_USAGE = YES_ERROR;
				CLANG_WARN_EMPTY_BODY = YES;
				CLANG_WARN_ENUM_CONVERSION = YES;
				CLANG_WARN_INT_CONVERSION = YES;
				CLANG_WARN_OBJC_ROOT_CLASS = YES_ERROR;
				CLANG_WARN_UNREACHABLE_CODE = YES;
				CLANG_WARN__DUPLICATE_METHOD_MATCH = YES;
				"CODE_SIGN_IDENTITY[sdk=iphoneos*]" = "iPhone Developer";
				COPY_PHASE_STRIP = NO;
				DEBUG_INFORMATION_FORMAT = "dwarf-with-dsym";
				ENABLE_NS_ASSERTIONS = NO;
				ENABLE_STRICT_OBJC_MSGSEND = YES;
				GCC_C_LANGUAGE_STANDARD = gnu99;
				GCC_NO_COMMON_BLOCKS = YES;
				GCC_WARN_64_TO_32_BIT_CONVERSION = YES;
				GCC_WARN_ABOUT_RETURN_TYPE = YES_ERROR;
				GCC_WARN_UNDECLARED_SELECTOR = YES;
				GCC_WARN_UNINITIALIZED_AUTOS = YES_AGGRESSIVE;
				GCC_WARN_UNUSED_FUNCTION = YES;
				GCC_WARN_UNUSED_VARIABLE = YES;
				IPHONEOS_DEPLOYMENT_TARGET = 9.2;
				MTL_ENABLE_DEBUG_INFO = NO;
				SDKROOT = iphoneos;
				TARGETED_DEVICE_FAMILY = "1,2";
				VALIDATE_PRODUCT = YES;
			};
			name = Release;
		};
		9CAA6A961D7FF6F900D9EAFB /* Debug */ = {
			isa = XCBuildConfiguration;
			buildSettings = {
				ASSETCATALOG_COMPILER_APPICON_NAME = AppIcon;
				INFOPLIST_FILE = demo/Info.plist;
				LD_RUNPATH_SEARCH_PATHS = "$(inherited) @executable_path/Frameworks";
				PRODUCT_BUNDLE_IDENTIFIER = "com.lizaiyu.------------------";
				PRODUCT_NAME = "$(TARGET_NAME)";
			};
			name = Debug;
		};
		9CAA6A971D7FF6F900D9EAFB /* Release */ = {
			isa = XCBuildConfiguration;
			buildSettings = {
				ASSETCATALOG_COMPILER_APPICON_NAME = AppIcon;
				INFOPLIST_FILE = demo/Info.plist;
				LD_RUNPATH_SEARCH_PATHS = "$(inherited) @executable_path/Frameworks";
				PRODUCT_BUNDLE_IDENTIFIER = "com.lizaiyu.------------------";
				PRODUCT_NAME = "$(TARGET_NAME)";
			};
			name = Release;
		};
		9CAA6A991D7FF6F900D9EAFB /* Debug */ = {
			isa = XCBuildConfiguration;
			buildSettings = {
				BUNDLE_LOADER = "$(TEST_HOST)";
				INFOPLIST_FILE = demoTests/Info.plist;
				LD_RUNPATH_SEARCH_PATHS = "$(inherited) @executable_path/Frameworks @loader_path/Frameworks";
				PRODUCT_BUNDLE_IDENTIFIER = "com.lizaiyu.---.demoTests";
				PRODUCT_NAME = "$(TARGET_NAME)";
				TEST_HOST = "$(BUILT_PRODUCTS_DIR)/demo.app/demo";
			};
			name = Debug;
		};
		9CAA6A9A1D7FF6F900D9EAFB /* Release */ = {
			isa = XCBuildConfiguration;
			buildSettings = {
				BUNDLE_LOADER = "$(TEST_HOST)";
				INFOPLIST_FILE = demoTests/Info.plist;
				LD_RUNPATH_SEARCH_PATHS = "$(inherited) @executable_path/Frameworks @loader_path/Frameworks";
				PRODUCT_BUNDLE_IDENTIFIER = "com.lizaiyu.---.demoTests";
				PRODUCT_NAME = "$(TARGET_NAME)";
				TEST_HOST = "$(BUILT_PRODUCTS_DIR)/demo.app/demo";
			};
			name = Release;
		};
		9CAA6A9C1D7FF6F900D9EAFB /* Debug */ = {
			isa = XCBuildConfiguration;
			buildSettings = {
				INFOPLIST_FILE = demoUITests/Info.plist;
				LD_RUNPATH_SEARCH_PATHS = "$(inherited) @executable_path/Frameworks @loader_path/Frameworks";
				PRODUCT_BUNDLE_IDENTIFIER = "com.lizaiyu.---.demoUITests";
				PRODUCT_NAME = "$(TARGET_NAME)";
				TEST_TARGET_NAME = demo;
				USES_XCTRUNNER = YES;
			};
			name = Debug;
		};
		9CAA6A9D1D7FF6F900D9EAFB /* Release */ = {
			isa = XCBuildConfiguration;
			buildSettings = {
				INFOPLIST_FILE = demoUITests/Info.plist;
				LD_RUNPATH_SEARCH_PATHS = "$(inherited) @executable_path/Frameworks @loader_path/Frameworks";
				PRODUCT_BUNDLE_IDENTIFIER = "com.lizaiyu.---.demoUITests";
				PRODUCT_NAME = "$(TARGET_NAME)";
				TEST_TARGET_NAME = demo;
				USES_XCTRUNNER = YES;
			};
			name = Release;
		};
/* End XCBuildConfiguration section */

/* Begin XCConfigurationList section */
		9CAA6A631D7FF6F900D9EAFB /* Build configuration list for PBXProject "demo" */ = {
			isa = XCConfigurationList;
			buildConfigurations = (
				9CAA6A931D7FF6F900D9EAFB /* Debug */,
				9CAA6A941D7FF6F900D9EAFB /* Release */,
			);
			defaultConfigurationIsVisible = 0;
			defaultConfigurationName = Release;
		};
		9CAA6A951D7FF6F900D9EAFB /* Build configuration list for PBXNativeTarget "demo" */ = {
			isa = XCConfigurationList;
			buildConfigurations = (
				9CAA6A961D7FF6F900D9EAFB /* Debug */,
				9CAA6A971D7FF6F900D9EAFB /* Release */,
			);
			defaultConfigurationIsVisible = 0;
			defaultConfigurationName = Release;
		};
		9CAA6A981D7FF6F900D9EAFB /* Build configuration list for PBXNativeTarget "demoTests" */ = {
			isa = XCConfigurationList;
			buildConfigurations = (
				9CAA6A991D7FF6F900D9EAFB /* Debug */,
				9CAA6A9A1D7FF6F900D9EAFB /* Release */,
			);
			defaultConfigurationIsVisible = 0;
			defaultConfigurationName = Release;
		};
		9CAA6A9B1D7FF6F900D9EAFB /* Build configuration list for PBXNativeTarget "demoUITests" */ = {
			isa = XCConfigurationList;
			buildConfigurations = (
				9CAA6A9C1D7FF6F900D9EAFB /* Debug */,
				9CAA6A9D1D7FF6F900D9EAFB /* Release */,
			);
			defaultConfigurationIsVisible = 0;
			defaultConfigurationName = Release;
		};
/* End XCConfigurationList section */
	};
	rootObject = 9CAA6A601D7FF6F900D9EAFB /* Project object */;
}
